
Microsoft Visual Studio Solution File, Format Version 12.00
# Visual Studio Version 16
VisualStudioVersion = 16.0.32126.315
MinimumVisualStudioVersion = 10.0.40219.1
Project("{FAE04EC0-301F-11D3-BF4B-00C04F79EFBC}") = "CSC478Blackjack", "CSC478Blackjack\CSC478Blackjack.csproj", "{DFE93AD6-F5C3-4547-B1D4-C22EF4144C31}"
EndProject
Global
	GlobalSection(SolutionConfigurationPlatforms) = preSolution
		Debug|Any CPU = Debug|Any CPU
		Release|Any CPU = Release|Any CPU
	EndGlobalSection
	GlobalSection(ProjectConfigurationPlatforms) = postSolution
		{DFE93AD6-F5C3-4547-B1D4-C22EF4144C31}.Debug|Any CPU.ActiveCfg = Debug|Any CPU
		{DFE93AD6-F5C3-4547-B1D4-C22EF4144C31}.Debug|Any CPU.Build.0 = Debug|Any CPU
		{DFE93AD6-F5C3-4547-B1D4-C22EF4144C31}.Release|Any CPU.ActiveCfg = Release|Any CPU
		{DFE93AD6-F5C3-4547-B1D4-C22EF4144C31}.Release|Any CPU.Build.0 = Release|Any CPU
	EndGlobalSection
	GlobalSection(SolutionProperties) = preSolution
		HideSolutionNode = FALSE
	EndGlobalSection
	GlobalSection(ExtensibilityGlobals) = postSolution
		SolutionGuid = {0F5A5631-9B67-44F7-9AF1-0C825DBAD252}
	EndGlobalSection
EndGlobal
